
Microsoft Visual Studio Solution File, Format Version 12.00
# Visual Studio Version 17
VisualStudioVersion = 17.13.36105.23
MinimumVisualStudioVersion = 10.0.40219.1
Project("{FAE04EC0-301F-11D3-BF4B-00C04F79EFBC}") = "ThriftyThreadsExpanded", "ThriftyThreadsExpanded.csproj", "{04FB9098-F8D3-4836-A8BB-9692AED5BE00}"
EndProject
Global
	GlobalSection(SolutionConfigurationPlatforms) = preSolution
		Il2cpp|Any CPU = Il2cpp|Any CPU
		Mono|Any CPU = Mono|Any CPU
	EndGlobalSection
	GlobalSection(ProjectConfigurationPlatforms) = postSolution
		{04FB9098-F8D3-4836-A8BB-9692AED5BE00}.Il2cpp|Any CPU.ActiveCfg = Il2cpp|Any CPU
		{04FB9098-F8D3-4836-A8BB-9692AED5BE00}.Il2cpp|Any CPU.Build.0 = Il2cpp|Any CPU
		{04FB9098-F8D3-4836-A8BB-9692AED5BE00}.Mono|Any CPU.ActiveCfg = Mono|Any CPU
		{04FB9098-F8D3-4836-A8BB-9692AED5BE00}.Mono|Any CPU.Build.0 = Mono|Any CPU
	EndGlobalSection
	GlobalSection(SolutionProperties) = preSolution
		HideSolutionNode = FALSE
	EndGlobalSection
	GlobalSection(ExtensibilityGlobals) = postSolution
		SolutionGuid = {5CA34212-4003-49A1-AA5F-CFD51C4D2778}
	EndGlobalSection
EndGlobal
